# This file was autogenerated by uv via the following command:
#    uv pip compile pyproject.toml --extra inference --extra prefect --extra aws --group dev --universal --no-strip-extras -o lock/dev.lock
affine==2.4.0
    # via
    #   odc-geo
    #   odc-stac
    #   rasterio
aiobotocore==3.7.0
    # via
    #   dask-cloudprovider
    #   prefect-aws
    #   s3fs
aiohappyeyeballs==2.6.1
    # via aiohttp
aiohttp==3.13.5
    # via
    #   aiobotocore
    #   aiohttp-cors
    #   dask-cloudprovider
    #   ray
    #   s3fs
aiohttp-cors==0.8.1
    # via ray
aioitertools==0.13.0
    # via aiobotocore
aiosignal==1.4.0
    # via aiohttp
aiosqlite==0.22.1
    # via prefect
alembic==1.18.4
    # via prefect
amplitude-analytics==1.2.3
    # via prefect
annotated-doc==0.0.4
    # via
    #   fastapi
    #   typer
annotated-types==0.7.0
    # via pydantic
antlr4-python3-runtime==4.13.2
    # via moto
anyio==4.13.0
    # via
    #   httpx
    #   prefect
    #   starlette
apprise==1.10.0
    # via prefect
asgi-lifespan==2.1.0
    # via prefect
ast-serialize==0.5.0
    # via mypy
asyncpg==0.31.0
    # via prefect
attrs==26.1.0
    # via
    #   aiohttp
    #   cyclopts
    #   jsonschema
    #   rasterio
    #   referencing
aws-sam-translator==1.106.0
    # via cfn-lint
aws-xray-sdk==2.15.0
    # via moto
beartype==0.22.9
    # via py-key-value-aio
blinker==1.9.0
    # via flask
boto3==1.43.0
    # via
    #   tessera-embeddings (pyproject.toml)
    #   aws-sam-translator
    #   moto
    #   prefect-aws
botocore==1.43.0
    # via
    #   tessera-embeddings (pyproject.toml)
    #   aiobotocore
    #   aws-xray-sdk
    #   boto3
    #   moto
    #   prefect-aws
    #   s3transfer
burner-redis==0.1.7
    # via pydocket
cachetools==7.1.3
    # via
    #   odc-geo
    #   prefect
    #   py-key-value-aio
certifi==2026.4.22
    # via
    #   apprise
    #   httpcore
    #   httpx
    #   pyproj
    #   rasterio
    #   requests
cffi==2.0.0 ; platform_python_implementation != 'PyPy'
    # via cryptography
cfn-lint==1.47.1
    # via moto
charset-normalizer==3.4.7
    # via requests
click==8.4.0
    # via
    #   apprise
    #   cligj
    #   dask
    #   distributed
    #   flask
    #   prefect
    #   rasterio
    #   ray
    #   typer
    #   uvicorn
cligj==0.7.2
    # via rasterio
cloudpickle==3.1.2
    # via
    #   tessera-embeddings (pyproject.toml)
    #   dask
    #   distributed
    #   prefect
    #   pydocket
colorama==0.4.6
    # via
    #   click
    #   colorful
    #   griffecli
    #   pytest
    #   tqdm
colorful==0.5.8
    # via ray
coolname==5.0.0
    # via prefect
coverage[toml]==7.14.0
    # via pytest-cov
cronsim==2.7
    # via pydocket
cryptography==48.0.0
    # via
    #   google-auth
    #   joserfc
    #   moto
    #   prefect
cyclopts==4.14.0
    # via prefect
dask[array]==2026.3.0
    # via
    #   tessera-embeddings (pyproject.toml)
    #   dask-cloudprovider
    #   distributed
    #   odc-loader
    #   odc-stac
    #   stackstac
dask-cloudprovider[aws]==2025.9.0
    # via tessera-embeddings (pyproject.toml)
dateparser==1.4.0
    # via prefect
distlib==0.4.0
    # via virtualenv
distributed==2026.3.0
    # via
    #   tessera-embeddings (pyproject.toml)
    #   dask-cloudprovider
    #   prefect-dask
docker==7.1.0
    # via
    #   moto
    #   prefect
docstring-parser==0.18.0
    # via cyclopts
donfig==0.8.1.post1
    # via zarr
exceptiongroup==1.3.1
    # via prefect
execnet==2.1.2
    # via pytest-xdist
fastapi==0.136.1
    # via prefect
filelock==3.29.0
    # via
    #   python-discovery
    #   ray
    #   torch
    #   virtualenv
flask==3.1.3
    # via
    #   flask-cors
    #   moto
flask-cors==6.0.2
    # via moto
frozenlist==1.8.0
    # via
    #   aiohttp
    #   aiosignal
fsspec==2026.4.0
    # via
    #   tessera-embeddings (pyproject.toml)
    #   dask
    #   prefect
    #   s3fs
    #   torch
gdal==3.13.0
    # via tessera-embeddings (pyproject.toml)
google-api-core==2.30.3
    # via opencensus
google-auth==2.53.0
    # via google-api-core
google-crc32c==1.8.0
    # via zarr
googleapis-common-protos==1.75.0
    # via google-api-core
graphql-core==3.2.8
    # via moto
graphviz==0.21
    # via prefect
greenlet==3.5.0
    # via sqlalchemy
griffe==2.0.2
    # via prefect
griffecli==2.0.2
    # via griffe
griffelib==2.0.2
    # via
    #   griffe
    #   griffecli
grpcio==1.80.0
    # via ray
h11==0.16.0
    # via
    #   httpcore
    #   uvicorn
h2==4.3.0
    # via httpx
hpack==4.1.0
    # via h2
httpcore==1.0.9
    # via
    #   httpx
    #   prefect
httpx[http2]==0.28.1
    # via prefect
humanize==4.15.0
    # via
    #   jinja2-humanize-extension
    #   prefect
hyperframe==6.1.0
    # via h2
hypothesis==6.152.8
    # via tessera-embeddings (pyproject.toml:dev)
icechunk==2.0.5
    # via tessera-embeddings (pyproject.toml)
idna==3.15
    # via
    #   anyio
    #   httpx
    #   requests
    #   yarl
iniconfig==2.3.0
    # via pytest
itsdangerous==2.2.0
    # via flask
jinja2==3.1.6
    # via
    #   dask-cloudprovider
    #   distributed
    #   flask
    #   jinja2-humanize-extension
    #   prefect
    #   torch
jinja2-humanize-extension==0.4.0
    # via prefect
jmespath==1.1.0
    # via
    #   aiobotocore
    #   boto3
    #   botocore
joblib==1.5.3
    # via scikit-learn
joserfc==1.6.5
    # via moto
jsonpatch==1.33
    # via
    #   cfn-lint
    #   prefect
jsonpath-ng==1.8.0
    # via moto
jsonpointer==3.1.1
    # via jsonpatch
jsonschema==4.26.0
    # via
    #   aws-sam-translator
    #   openapi-schema-validator
    #   openapi-spec-validator
    #   prefect
    #   pystac
    #   ray
jsonschema-path==0.4.6
    # via openapi-spec-validator
jsonschema-specifications==2025.9.1
    # via
    #   jsonschema
    #   openapi-schema-validator
lazy-object-proxy==1.12.0
    # via openapi-spec-validator
librt==0.11.0 ; platform_python_implementation != 'PyPy'
    # via mypy
locket==1.0.0
    # via
    #   distributed
    #   partd
mako==1.3.12
    # via alembic
markdown==3.10.2
    # via apprise
markdown-it-py==4.2.0
    # via rich
markupsafe==3.0.3
    # via
    #   flask
    #   jinja2
    #   mako
    #   werkzeug
mdurl==0.1.2
    # via markdown-it-py
mgrs==1.5.4
    # via tessera-embeddings (pyproject.toml)
moto[server]==5.2.1
    # via tessera-embeddings (pyproject.toml:dev)
mpmath==1.3.0
    # via sympy
msgpack==1.1.2
    # via
    #   distributed
    #   ray
multidict==6.7.1
    # via
    #   aiobotocore
    #   aiohttp
    #   yarl
mypy==2.1.0
    # via tessera-embeddings (pyproject.toml:dev)
mypy-extensions==1.1.0
    # via mypy
networkx==3.6.1
    # via
    #   cfn-lint
    #   torch
numcodecs[pcodec]==0.16.5
    # via
    #   tessera-embeddings (pyproject.toml)
    #   zarr
numpy==2.4.6
    # via
    #   tessera-embeddings (pyproject.toml)
    #   dask
    #   numcodecs
    #   odc-geo
    #   odc-loader
    #   odc-stac
    #   pandas
    #   pcodec
    #   rasterio
    #   rioxarray
    #   scikit-learn
    #   scipy
    #   shapely
    #   xarray
    #   zarr
oauthlib==3.3.1
    # via requests-oauthlib
odc-geo==0.5.1
    # via
    #   tessera-embeddings (pyproject.toml)
    #   odc-loader
    #   odc-stac
odc-loader==0.6.4
    # via odc-stac
odc-stac==0.5.2
    # via tessera-embeddings (pyproject.toml)
openapi-schema-validator==0.8.1
    # via openapi-spec-validator
openapi-spec-validator==0.8.5
    # via moto
opencensus==0.11.4
    # via ray
opencensus-context==0.1.3
    # via opencensus
opentelemetry-api==1.42.0
    # via
    #   opentelemetry-exporter-prometheus
    #   opentelemetry-sdk
    #   opentelemetry-semantic-conventions
    #   prefect
    #   pydocket
opentelemetry-exporter-prometheus==0.63b0
    # via ray
opentelemetry-proto==1.42.0
    # via ray
opentelemetry-sdk==1.42.0
    # via
    #   opentelemetry-exporter-prometheus
    #   ray
opentelemetry-semantic-conventions==0.63b0
    # via opentelemetry-sdk
orjson==3.11.9
    # via prefect
packaging==26.2
    # via
    #   dask
    #   distributed
    #   prefect
    #   pytest
    #   ray
    #   rioxarray
    #   xarray
    #   zarr
pandas==3.0.3
    # via
    #   tessera-embeddings (pyproject.toml)
    #   odc-stac
    #   xarray
partd==1.4.2
    # via dask
pathable==0.5.0
    # via jsonschema-path
pathspec==1.1.1
    # via
    #   mypy
    #   prefect
pcodec==0.3.6
    # via numcodecs
platformdirs==4.9.6
    # via
    #   python-discovery
    #   virtualenv
pluggy==1.6.0
    # via
    #   prefect
    #   pytest
    #   pytest-cov
prefect==3.7.1
    # via
    #   tessera-embeddings (pyproject.toml)
    #   prefect-aws
    #   prefect-dask
prefect-aws==0.7.9
    # via tessera-embeddings (pyproject.toml)
prefect-dask==0.3.6
    # via tessera-embeddings (pyproject.toml)
prometheus-client==0.25.0
    # via
    #   opentelemetry-exporter-prometheus
    #   prefect
    #   pydocket
    #   ray
propcache==0.5.2
    # via
    #   aiohttp
    #   yarl
proto-plus==1.28.0
    # via google-api-core
protobuf==6.33.6
    # via
    #   google-api-core
    #   googleapis-common-protos
    #   opentelemetry-proto
    #   proto-plus
    #   ray
psutil==7.2.2
    # via distributed
py-key-value-aio[memory, redis]==0.4.4
    # via pydocket
py-partiql-parser==0.6.3
    # via moto
py-spy==0.4.2
    # via ray
pyasn1==0.6.3
    # via pyasn1-modules
pyasn1-modules==0.4.2
    # via google-auth
pycparser==3.0 ; implementation_name != 'PyPy' and platform_python_implementation != 'PyPy'
    # via cffi
pydantic==2.13.4
    # via
    #   tessera-embeddings (pyproject.toml)
    #   aws-sam-translator
    #   fastapi
    #   openapi-schema-validator
    #   openapi-spec-validator
    #   prefect
    #   pydantic-extra-types
    #   pydantic-settings
    #   ray
pydantic-core==2.46.4
    # via
    #   prefect
    #   pydantic
pydantic-extra-types==2.11.1
    # via prefect
pydantic-settings==2.14.1
    # via
    #   tessera-embeddings (pyproject.toml)
    #   openapi-schema-validator
    #   openapi-spec-validator
    #   prefect
pydocket==0.20.3
    # via prefect
pygments==2.20.0
    # via
    #   pytest
    #   rich
    #   rich-rst
pyparsing==3.3.2
    # via
    #   moto
    #   prefect-aws
    #   rasterio
pyproj==3.7.2
    # via
    #   tessera-embeddings (pyproject.toml)
    #   odc-geo
    #   rioxarray
    #   stackstac
pystac[validation]==1.14.3
    # via
    #   tessera-embeddings (pyproject.toml)
    #   odc-stac
    #   pystac-client
pystac-client==0.9.0
    # via tessera-embeddings (pyproject.toml)
pytest==9.0.3
    # via
    #   tessera-embeddings (pyproject.toml:dev)
    #   pytest-asyncio
    #   pytest-cov
    #   pytest-recording
    #   pytest-xdist
pytest-asyncio==1.3.0
    # via tessera-embeddings (pyproject.toml:dev)
pytest-cov==7.1.0
    # via tessera-embeddings (pyproject.toml:dev)
pytest-recording==0.13.4
    # via tessera-embeddings (pyproject.toml:dev)
pytest-xdist==3.8.0
    # via tessera-embeddings (pyproject.toml:dev)
python-dateutil==2.9.0.post0
    # via
    #   aiobotocore
    #   botocore
    #   dateparser
    #   pandas
    #   prefect
    #   pystac
    #   pystac-client
python-discovery==1.3.1
    # via virtualenv
python-dotenv==1.2.2
    # via
    #   tessera-embeddings (pyproject.toml)
    #   pydantic-settings
python-json-logger==4.1.0
    # via pydocket
python-slugify==8.0.4
    # via prefect
pytz==2026.2
    # via
    #   dateparser
    #   prefect
pywin32==311 ; sys_platform == 'win32'
    # via docker
pyyaml==6.0.3
    # via
    #   tessera-embeddings (pyproject.toml)
    #   apprise
    #   cfn-lint
    #   dask
    #   distributed
    #   donfig
    #   jsonschema-path
    #   moto
    #   prefect
    #   ray
    #   responses
    #   vcrpy
rasterio==1.5.0
    # via
    #   tessera-embeddings (pyproject.toml)
    #   odc-loader
    #   odc-stac
    #   rioxarray
    #   stackstac
ray[default]==2.55.1
    # via tessera-embeddings (pyproject.toml)
readchar==4.2.2
    # via prefect
redis==7.4.0
    # via
    #   py-key-value-aio
    #   pydocket
referencing==0.37.0
    # via
    #   jsonschema
    #   jsonschema-path
    #   jsonschema-specifications
    #   openapi-schema-validator
regex==2026.5.9
    # via
    #   cfn-lint
    #   dateparser
requests==2.34.2
    # via
    #   apprise
    #   docker
    #   google-api-core
    #   moto
    #   pystac-client
    #   ray
    #   requests-oauthlib
    #   responses
requests-oauthlib==2.0.0
    # via apprise
responses==0.26.0
    # via moto
rfc3339-validator==0.1.4
    # via
    #   openapi-schema-validator
    #   prefect
rich==15.0.0
    # via
    #   cyclopts
    #   prefect
    #   prefect-aws
    #   pydocket
    #   rich-rst
    #   typer
rich-rst==2.0.1
    # via cyclopts
rioxarray==0.22.0
    # via tessera-embeddings (pyproject.toml)
rpds-py==0.30.0
    # via
    #   jsonschema
    #   referencing
ruamel-yaml==0.19.1
    # via prefect
ruamel-yaml-clib==0.2.15 ; platform_python_implementation == 'CPython'
    # via prefect
ruff==0.15.13
    # via tessera-embeddings (pyproject.toml:dev)
s3fs==2026.4.0
    # via tessera-embeddings (pyproject.toml)
s3transfer==0.17.0
    # via boto3
scikit-learn==1.8.0
    # via tessera-embeddings (pyproject.toml)
scipy==1.17.1
    # via scikit-learn
semver==3.0.4
    # via prefect
setuptools==81.0.0
    # via
    #   moto
    #   torch
shapely==2.1.2
    # via
    #   tessera-embeddings (pyproject.toml)
    #   odc-geo
shellingham==1.5.4
    # via typer
six==1.17.0
    # via
    #   opencensus
    #   python-dateutil
    #   rfc3339-validator
smart-open==7.6.1
    # via ray
sniffio==1.3.1
    # via
    #   asgi-lifespan
    #   prefect
sortedcontainers==2.4.0
    # via
    #   distributed
    #   hypothesis
sqlalchemy[asyncio]==2.0.49
    # via
    #   alembic
    #   prefect
stackstac==0.5.0
    # via tessera-embeddings (pyproject.toml)
starlette==1.0.0
    # via fastapi
sympy==1.14.0
    # via
    #   cfn-lint
    #   torch
tblib==3.2.2
    # via distributed
tenacity==9.1.4
    # via
    #   tessera-embeddings (pyproject.toml)
    #   prefect-aws
text-unidecode==1.3
    # via python-slugify
threadpoolctl==3.6.0
    # via scikit-learn
toml==0.10.2
    # via prefect
toolz==1.1.0
    # via
    #   dask
    #   distributed
    #   odc-stac
    #   partd
torch==2.12.0 ; python_full_version < '3.15' and sys_platform == 'darwin'
    # via tessera-embeddings (pyproject.toml)
torch==2.12.0+cpu ; python_full_version >= '3.15' or sys_platform != 'darwin'
    # via tessera-embeddings (pyproject.toml)
tornado==6.5.5
    # via
    #   dask-cloudprovider
    #   distributed
tqdm==4.67.3
    # via tessera-embeddings (pyproject.toml)
typer==0.25.1
    # via
    #   prefect-aws
    #   pydocket
typing-extensions==4.15.0
    # via
    #   alembic
    #   aws-sam-translator
    #   cfn-lint
    #   fastapi
    #   grpcio
    #   mypy
    #   numcodecs
    #   odc-loader
    #   odc-stac
    #   opentelemetry-api
    #   opentelemetry-sdk
    #   opentelemetry-semantic-conventions
    #   prefect
    #   py-key-value-aio
    #   pydantic
    #   pydantic-core
    #   pydantic-extra-types
    #   pydocket
    #   sqlalchemy
    #   torch
    #   typing-inspection
    #   zarr
typing-inspection==0.4.2
    # via
    #   fastapi
    #   pydantic
    #   pydantic-settings
tzdata==2026.2 ; sys_platform == 'emscripten' or sys_platform == 'win32'
    # via
    #   apprise
    #   pandas
    #   pydocket
    #   tzlocal
    #   whenever
tzlocal==5.3.1
    # via
    #   dateparser
    #   whenever
uncalled-for==0.3.2
    # via pydocket
urllib3==2.7.0
    # via
    #   botocore
    #   distributed
    #   docker
    #   requests
    #   responses
uvicorn==0.47.0
    # via prefect
vcrpy==8.1.1
    # via
    #   tessera-embeddings (pyproject.toml:dev)
    #   pytest-recording
virtualenv==21.3.3
    # via ray
websockets==16.0
    # via prefect
werkzeug==3.1.8
    # via
    #   flask
    #   flask-cors
    #   moto
whenever==0.10.0
    # via prefect
wrapt==2.1.2
    # via
    #   aiobotocore
    #   aws-xray-sdk
    #   smart-open
    #   vcrpy
xarray==2026.4.0
    # via
    #   tessera-embeddings (pyproject.toml)
    #   odc-geo
    #   odc-loader
    #   odc-stac
    #   rioxarray
    #   stackstac
xmltodict==1.0.4
    # via moto
yarl==1.23.0
    # via aiohttp
zarr==3.2.1
    # via
    #   tessera-embeddings (pyproject.toml)
    #   icechunk
zict==3.0.0
    # via distributed
